
Microsoft Visual Studio Solution File, Format Version 12.00
# Visual Studio Version 16
VisualStudioVersion = 16.0.30907.101
MinimumVisualStudioVersion = 10.0.40219.1
Project("{F184B08F-C81C-45F6-A57F-5ABD9991F28F}") = "CodeVB", "CodeVB\CodeVB.vbproj", "{FB7D277A-C175-4EAD-A0B5-B40467D85F8D}"
EndProject
Global
	GlobalSection(SolutionConfigurationPlatforms) = preSolution
		Debug|Any CPU = Debug|Any CPU
		Release|Any CPU = Release|Any CPU
	EndGlobalSection
	GlobalSection(ProjectConfigurationPlatforms) = postSolution
		{FB7D277A-C175-4EAD-A0B5-B40467D85F8D}.Debug|Any CPU.ActiveCfg = Debug|Any CPU
		{FB7D277A-C175-4EAD-A0B5-B40467D85F8D}.Debug|Any CPU.Build.0 = Debug|Any CPU
		{FB7D277A-C175-4EAD-A0B5-B40467D85F8D}.Release|Any CPU.ActiveCfg = Release|Any CPU
		{FB7D277A-C175-4EAD-A0B5-B40467D85F8D}.Release|Any CPU.Build.0 = Release|Any CPU
	EndGlobalSection
	GlobalSection(SolutionProperties) = preSolution
		HideSolutionNode = FALSE
	EndGlobalSection
	GlobalSection(ExtensibilityGlobals) = postSolution
		SolutionGuid = {BA109895-E7EF-4594-8ECF-D3FAA5BA16A9}
	EndGlobalSection
EndGlobal
